lockfileVersion: 1
packages:
  @jridgewell/gen-mapping:
    version: 0.3.13
    resolved: sha512-2kkt/7niJ6MgEPxF0bYdQ6etZaA+fQvDcLKckhy1yIQOzaoKjBBjSj63/aLVjYE3qhRt5dvM+uUyfCg6UKCBbA==
    integrity: https://registry.npmjs.org/@jridgewell/gen-mapping/-/gen-mapping-0.3.13.tgz
    dependencies:
      @jridgewell/trace-mapping: ^0.3.24
      @jridgewell/sourcemap-codec: ^1.5.0
  caniuse-lite:
    version: 1.0.30001764
    resolved: sha512-9JGuzl2M+vPL+pz70gtMF9sHdMFbY9FJaQBi186cHKH3pSzDvzoUJUPV6fqiKIMyXbud9ZLg4F3Yza1vJ1+93g==
    integrity: https://registry.npmjs.org/caniuse-lite/-/caniuse-lite-1.0.30001764.tgz
  picocolors:
    version: 1.1.1
    resolved: sha512-xceH2snhtb5M9liqDsmEw56le376mTZkEX/jEb/RxNFyegNul7eNslCXP9FDj/Lcu0X8KEyMceP2ntpaHrDEVA==
    integrity: https://registry.npmjs.org/picocolors/-/picocolors-1.1.1.tgz
  node-releases:
    version: 2.0.27
    resolved: sha512-nmh3lCkYZ3grZvqcCH+fjmQ7X+H0OeZgP40OierEaAptX4XofMh5kwNbWh7lBduUzCcV/8kZ+NDLCwm2iorIlA==
    integrity: https://registry.npmjs.org/node-releases/-/node-releases-2.0.27.tgz
  source-map-js:
    version: 1.2.1
    resolved: sha512-UXWMKhLOwVKb728IUtQPXxfYU+usdybtUrK/8uGE8CQMvrhOpwvzDBwj0QhSL7MQc7vIsISBG8VQ8+IDQxpfQA==
    integrity: https://registry.npmjs.org/source-map-js/-/source-map-js-1.2.1.tgz
  sirv:
    version: 3.0.2
    resolved: sha512-2wcC/oGxHis/BoHkkPwldgiPSYcpZK3JU28WoMVv55yHJgcZ8rlXvuG9iZggz+sU1d4bRgIGASwyWqjxu3FM0g==
    integrity: https://registry.npmjs.org/sirv/-/sirv-3.0.2.tgz
    dependencies:
      totalist: ^3.0.0
      mrmime: ^2.0.0
      @polka/url: ^1.0.0-next.24
  @standard-schema/spec:
    version: 1.1.0
    resolved: sha512-l2aFy5jALhniG5HgqrD6jXLi/rUWrKvqN/qJx6yoJsgKhblVd+iqqU4RCXavm/jPityDo5TCvKMnpjKnOriy0w==
    integrity: https://registry.npmjs.org/@standard-schema/spec/-/spec-1.1.0.tgz
  clsx:
    version: 2.1.1
    resolved: sha512-eYm0QWBtUrBWZWG0d386OGAw16Z995PiOVo2B7bjWSbHedGl5e0ZWaq65kOGgUSNesEIDkB9ISbTg/JK9dhCZA==
    integrity: https://registry.npmjs.org/clsx/-/clsx-2.1.1.tgz
  rollup:
    version: 4.55.1
    resolved: sha512-wDv/Ht1BNHB4upNbK74s9usvl7hObDnvVzknxqY/E/O3X6rW1U1rV1aENEfJ54eFZDTNo7zv1f5N4edCluH7+A==
    integrity: https://registry.npmjs.org/rollup/-/rollup-4.55.1.tgz
    dependencies:
      @types/estree: 1.0.8
  esbuild:
    version: 0.27.2
    resolved: sha512-HyNQImnsOC7X9PMNaCIeAm4ISCQXs5a5YasTXVliKv4uuBo1dKrG0A+uQS8M5eXjVMnLg3WgXaKvprHlFJQffw==
    integrity: https://registry.npmjs.org/esbuild/-/esbuild-0.27.2.tgz
  svelte-check:
    version: 4.3.5
    resolved: sha512-e4VWZETyXaKGhpkxOXP+B/d0Fp/zKViZoJmneZWe/05Y2aqSKj3YN2nLfYPJBQ87WEiY4BQCQ9hWGu9mPT1a1Q==
    integrity: https://registry.npmjs.org/svelte-check/-/svelte-check-4.3.5.tgz
    dependencies:
      chokidar: ^4.0.1
      fdir: ^6.2.0
      @jridgewell/trace-mapping: ^0.3.25
      picocolors: ^1.0.0
      sade: ^1.7.4
  typescript:
    version: 5.9.3
    resolved: sha512-jl1vZzPDinLr9eUt3J/t7V6FgNEw9QjvBPdysz9KfQDD41fQrC2Y4vKQdiaUpFT4bXlb1RHhLpp8wtm6M5TgSw==
    integrity: https://registry.npmjs.org/typescript/-/typescript-5.9.3.tgz
  nanoid:
    version: 5.1.6
    resolved: sha512-c7+7RQ+dMB5dPwwCp4ee1/iV/q2P6aK1mTZcfr1BTuVlyW9hJYiMPybJCcnBlQtuSmTIWNeazm/zqNoZSSElBg==
    integrity: https://registry.npmjs.org/nanoid/-/nanoid-5.1.6.tgz
  kleur:
    version: 4.1.5
    resolved: sha512-o+NO+8WrRiQEE4/7nwRJhN1HWpVmJm511pBHUxPLtp0BUISzlBplORYSmTclCnJvQq2tKu/sgl3xVpkc7ZWuQQ==
    integrity: https://registry.npmjs.org/kleur/-/kleur-4.1.5.tgz
  @sveltejs/vite-plugin-svelte:
    version: 6.2.4
    resolved: sha512-ou/d51QSdTyN26D7h6dSpusAKaZkAiGM55/AKYi+9AGZw7q85hElbjK3kEyzXHhLSnRISHOYzVge6x0jRZ7DXA==
    integrity: https://registry.npmjs.org/@sveltejs/vite-plugin-svelte/-/vite-plugin-svelte-6.2.4.tgz
    dependencies:
      deepmerge: ^4.3.1
      obug: ^2.1.0
      vitefu: ^1.1.1
      @sveltejs/vite-plugin-svelte-inspector: ^5.0.0
      magic-string: ^0.30.21
  @jridgewell/resolve-uri:
    version: 3.1.2
    resolved: sha512-bRISgCIjP20/tbWSPWMEi54QVPRZExkuD9lJL+UIxUKtwVJA8wW1Trb1jMs1RFXo1CBTNZ/5hpC9QvmKWdopKw==
    integrity: https://registry.npmjs.org/@jridgewell/resolve-uri/-/resolve-uri-3.1.2.tgz
  @sveltejs/kit:
    version: 2.49.4
    resolved: sha512-JFtOqDoU0DI/+QSG8qnq5bKcehVb3tCHhOG4amsSYth5/KgO4EkJvi42xSAiyKmXAAULW1/Zdb6lkgGEgSxdZg==
    integrity: https://registry.npmjs.org/@sveltejs/kit/-/kit-2.49.4.tgz
    dependencies:
      mrmime: ^2.0.0
      sirv: ^3.0.0
      @standard-schema/spec: ^1.0.0
      cookie: ^0.6.0
      @types/cookie: ^0.6.0
      sade: ^1.8.1
      kleur: ^4.1.5
      magic-string: ^0.30.5
      esm-env: ^1.2.2
      @sveltejs/acorn-typescript: ^1.0.5
      acorn: ^8.14.1
      set-cookie-parser: ^2.6.0
      devalue: ^5.3.2
  @sveltejs/adapter-cloudflare:
    version: 7.2.4
    resolved: sha512-uD8VlOuGXGuZWL+zbBYSjtmC4WDtlonUodfqAZ/COd5uIy2Z0QptIicB/nkTrGNI9sbmzgf7z0N09CHyWYlUvQ==
    integrity: https://registry.npmjs.org/@sveltejs/adapter-cloudflare/-/adapter-cloudflare-7.2.4.tgz
    dependencies:
      worktop: 0.8.0-next.18
      @cloudflare/workers-types: ^4.20250507.0
  vite:
    version: 7.3.1
    resolved: sha512-w+N7Hifpc3gRjZ63vYBXA56dvvRlNWRczTdmCBBa+CotUzAPf5b7YMdMR/8CQoeYE5LX3W4wj6RYTgonm1b9DA==
    integrity: https://registry.npmjs.org/vite/-/vite-7.3.1.tgz
    dependencies:
      tinyglobby: ^0.2.15
      fdir: ^6.5.0
      rollup: ^4.43.0
      postcss: ^8.5.6
      esbuild: ^0.27.0
      picomatch: ^4.0.3
  tailwindcss:
    version: 4.1.18
    resolved: sha512-4+Z+0yiYyEtUVCScyfHCxOYP06L5Ne+JiHhY2IjR2KWMIWhJOYZKLSGZaP5HkZ8+bY0cxfzwDE5uOmzFXyIwxw==
    integrity: https://registry.npmjs.org/tailwindcss/-/tailwindcss-4.1.18.tgz
  worktop:
    version: 0.7.3
    resolved: sha512-WBHP1hk8pLP7ahAw13fugDWcO0SUAOiCD6DHT/bfLWoCIA/PL9u7GKdudT2nGZ8EGR1APbGCAI6ZzKG1+X+PnQ==
    integrity: https://registry.npmjs.org/worktop/-/worktop-0.7.3.tgz
    dependencies:
      regexparam: ^2.0.0
  fraction.js:
    version: 5.3.4
    resolved: sha512-1X1NTtiJphryn/uLQz3whtY6jK3fTqoE3ohKs0tT+Ujr1W59oopxmoEh7Lu5p6vBaPbgoM0bzveAW4Qi5RyWDQ==
    integrity: https://registry.npmjs.org/fraction.js/-/fraction.js-5.3.4.tgz
  mri:
    version: 1.2.0
    resolved: sha512-tzzskb3bG8LvYGFF/mDTpq3jpI6Q9wc3LEmBaghu+DdCssd1FakN7Bc0hVNmEyGq1bq3RgfkCb3cmQLpNPOroA==
    integrity: https://registry.npmjs.org/mri/-/mri-1.2.0.tgz
  vitefu:
    version: 1.1.1
    resolved: sha512-B/Fegf3i8zh0yFbpzZ21amWzHmuNlLlmJT6n7bu5e+pCHUKQIfXSYokrqOBGEMMe9UG2sostKQF9mml/vYaWJQ==
    integrity: https://registry.npmjs.org/vitefu/-/vitefu-1.1.1.tgz
  @types/cookie:
    version: 1.0.0
    resolved: sha512-mGFXbkDQJ6kAXByHS7QAggRXgols0mAdP4MuXgloGY1tXokvzaFFM4SMqWvf7AH0oafI7zlFJwoGWzmhDqTZ9w==
    integrity: https://registry.npmjs.org/@types/cookie/-/cookie-1.0.0.tgz
    dependencies:
      cookie: *
  magic-string:
    version: 0.30.21
    resolved: sha512-vd2F4YUyEXKGcLHoq+TEyCjxueSeHnFxyyjNp80yg0XV4vUhnDer/lvvlqM/arB5bXQN5K2/3oinyCRyx8T2CQ==
    integrity: https://registry.npmjs.org/magic-string/-/magic-string-0.30.21.tgz
    dependencies:
      @jridgewell/sourcemap-codec: ^1.5.5
  escalade:
    version: 3.2.0
    resolved: sha512-WUj2qlxaQtO4g6Pq5c29GTcWGDyd8itL8zTlipgECz3JesAiiOKotd8JU6otB3PACgG6xkJUyVhboMS+bje/jA==
    integrity: https://registry.npmjs.org/escalade/-/escalade-3.2.0.tgz
  @google/generative-ai:
    version: 0.24.1
    resolved: sha512-MqO+MLfM6kjxcKoy0p1wRzG3b4ZZXtPI+z2IE26UogS2Cm/XHO+7gGRBh6gcJsOiIVoH93UwKvW4HdgiOZCy9Q==
    integrity: https://registry.npmjs.org/@google/generative-ai/-/generative-ai-0.24.1.tgz
  @cloudflare/workers-types:
    version: 4.20260114.0
    resolved: sha512-Q3YG2tAPvN0Z9LueWZp8RyBIJYAppb2+knSh9WXagm/W6XERGKtYfMV0z9Ij5bJksmvvR/R9jTjjEqbK27kd8g==
    integrity: https://registry.npmjs.org/@cloudflare/workers-types/-/workers-types-4.20260114.0.tgz
  @polka/url:
    version: 0.5.0
    resolved: sha512-oZLYFEAzUKyi3SKnXvj32ZCEGH6RDnao7COuCVhDydMS9NrCSVXhM79VaKyP5+Zc33m0QXEd2DN3UkU7OsHcfw==
    integrity: https://registry.npmjs.org/@polka/url/-/url-0.5.0.tgz
  @jridgewell/remapping:
    version: 2.3.5
    resolved: sha512-LI9u/+laYG4Ds1TDKSJW2YPrIlcVYOwi2fUC6xB43lueCjgxV4lffOCZCtYFiH6TNOX+tQKXx97T4IKHbhyHEQ==
    integrity: https://registry.npmjs.org/@jridgewell/remapping/-/remapping-2.3.5.tgz
    dependencies:
      @jridgewell/gen-mapping: ^0.3.5
      @jridgewell/trace-mapping: ^0.3.24
  aria-query:
    version: 5.3.2
    resolved: sha512-COROpnaoap1E2F000S62r6A60uHZnmlvomhfyT2DlTcrY1OrBKn2UhH7qn5wTC9zMvD0AY7csdPSNwKP+7WiQw==
    integrity: https://registry.npmjs.org/aria-query/-/aria-query-5.3.2.tgz
  deepmerge:
    version: 4.3.1
    resolved: sha512-3sUqbMEc77XqpdNO7FRyRog+eW3ph+GYCbj+rK+uYyRMuwsVy0rMiVtPn+QJlKFvWP/1PYpapqYn0Me2knFn+A==
    integrity: https://registry.npmjs.org/deepmerge/-/deepmerge-4.3.1.tgz
  mrmime:
    version: 2.0.1
    resolved: sha512-Y3wQdFg2Va6etvQ5I82yUhGdsKrcYox6p7FfL1LbK2J4V01F9TGlepTIhnK24t7koZibmg82KGglhA1XK5IsLQ==
    integrity: https://registry.npmjs.org/mrmime/-/mrmime-2.0.1.tgz
  devalue:
    version: 5.6.1
    resolved: sha512-jDwizj+IlEZBunHcOuuFVBnIMPAEHvTsJj0BcIp94xYguLRVBcXO853px/MyIJvbVzWdsGvrRweIUWJw8hBP7A==
    integrity: https://registry.npmjs.org/devalue/-/devalue-5.6.1.tgz
  is-reference:
    version: 3.0.3
    resolved: sha512-ixkJoqQvAP88E6wLydLGGqCJsrFUnqoH6HnaczB8XmDH1oaWU+xxdptvikTgaEhtZ53Ky6YXiBuUI2WXLMCwjw==
    integrity: https://registry.npmjs.org/is-reference/-/is-reference-3.0.3.tgz
    dependencies:
      @types/estree: ^1.0.6
  chokidar:
    version: 5.0.0
    resolved: sha512-TQMmc3w+5AxjpL8iIiwebF73dRDF4fBIieAqGn9RGCWaEVwQ6Fb2cGe31Yns0RRIzii5goJ1Y7xbMwo1TxMplw==
    integrity: https://registry.npmjs.org/chokidar/-/chokidar-5.0.0.tgz
    dependencies:
      readdirp: ^5.0.0
  totalist:
    version: 3.0.1
    resolved: sha512-sf4i37nQ2LBx4m3wB74y+ubopq6W/dIzXg0FDGjsYnZHVa1Da8FH853wlL2gtUhg+xJXjfk3kUZS3BRoQeoQBQ==
    integrity: https://registry.npmjs.org/totalist/-/totalist-3.0.1.tgz
  baseline-browser-mapping:
    version: 2.9.14
    resolved: sha512-B0xUquLkiGLgHhpPBqvl7GWegWBUNuujQ6kXd/r1U38ElPT6Ok8KZ8e+FpUGEc2ZoRQUzq/aUnaKFc/svWUGSg==
    integrity: https://registry.npmjs.org/baseline-browser-mapping/-/baseline-browser-mapping-2.9.14.tgz
  electron-to-chromium:
    version: 1.5.267
    resolved: sha512-0Drusm6MVRXSOJpGbaSVgcQsuB4hEkMpHXaVstcPmhu5LIedxs1xNK/nIxmQIU/RPC0+1/o0AVZfBTkTNJOdUw==
    integrity: https://registry.npmjs.org/electron-to-chromium/-/electron-to-chromium-1.5.267.tgz
  zimmerframe:
    version: 1.1.4
    resolved: sha512-B58NGBEoc8Y9MWWCQGl/gq9xBCe4IiKM0a2x7GZdQKOW5Exr8S1W24J6OgM1njK8xCRGvAJIL/MxXHf6SkmQKQ==
    integrity: https://registry.npmjs.org/zimmerframe/-/zimmerframe-1.1.4.tgz
  sade:
    version: 1.8.1
    resolved: sha512-xal3CZX1Xlo/k4ApwCFrHVACi9fBqJ7V+mwhBsuf/1IOKbBy098Fex+Wa/5QMubw09pSZ/u8EY8PWgevJsXp1A==
    integrity: https://registry.npmjs.org/sade/-/sade-1.8.1.tgz
    dependencies:
      mri: ^1.1.0
  @jridgewell/trace-mapping:
    version: 0.3.31
    resolved: sha512-zzNR+SdQSDJzc8joaeP8QQoCQr8NuYx2dIIytl1QeBEZHJ9uW6hebsrYgbz8hJwUQao3TWCMtmfV8Nu1twOLAw==
    integrity: https://registry.npmjs.org/@jridgewell/trace-mapping/-/trace-mapping-0.3.31.tgz
    dependencies:
      @jridgewell/resolve-uri: ^3.1.0
      @jridgewell/sourcemap-codec: ^1.4.14
  postcss:
    version: 8.5.6
    resolved: sha512-3Ybi1tAuwAP9s0r1UQ2J4n5Y0G05bJkpUIO0/bI9MhwmD70S5aTWbXGBwxHrelT+XM1k6dM0pk+SwNkpTRN7Pg==
    integrity: https://registry.npmjs.org/postcss/-/postcss-8.5.6.tgz
    dependencies:
      nanoid: ^3.3.11
      picocolors: ^1.1.1
      source-map-js: ^1.2.1
  tinyglobby:
    version: 0.2.15
    resolved: sha512-j2Zq4NyQYG5XMST4cbs02Ak8iJUdxRM0XI5QyxXuZOzKOINmWurp3smXu3y5wDcJrptwpSjgXHzIQxR0omXljQ==
    integrity: https://registry.npmjs.org/tinyglobby/-/tinyglobby-0.2.15.tgz
    dependencies:
      fdir: ^6.5.0
      picomatch: ^4.0.3
  @sveltejs/acorn-typescript:
    version: 1.0.8
    resolved: sha512-esgN+54+q0NjB0Y/4BomT9samII7jGwNy/2a3wNZbT2A2RpmXsXwUt24LvLhx6jUq2gVk4cWEvcRO6MFQbOfNA==
    integrity: https://registry.npmjs.org/@sveltejs/acorn-typescript/-/acorn-typescript-1.0.8.tgz
  acorn:
    version: 8.15.0
    resolved: sha512-NZyJarBfL7nWwIq+FDL6Zp/yHEhePMNnnJ0y3qfieCrmNvYct8uvtiV41UvlSe6apAfk0fY1FbWx+NwfmpvtTg==
    integrity: https://registry.npmjs.org/acorn/-/acorn-8.15.0.tgz
  axobject-query:
    version: 4.1.0
    resolved: sha512-qIj0G9wZbMGNLjLmg1PT6v2mE9AH2zlnADJD/2tC6E00hgmhUOfEB6greHPAfLRSufHqROIUTkw6E+M3lH0PTQ==
    integrity: https://registry.npmjs.org/axobject-query/-/axobject-query-4.1.0.tgz
  fdir:
    version: 6.5.0
    resolved: sha512-tIbYtZbucOs0BRGqPJkshJUYdL+SDH7dVM8gjy+ERp3WAUjLEFJE+02kanyHtwjWOnwrKYBiwAmM0p4kLJAnXg==
    integrity: https://registry.npmjs.org/fdir/-/fdir-6.5.0.tgz
  @sveltejs/vite-plugin-svelte-inspector:
    version: 5.0.2
    resolved: sha512-TZzRTcEtZffICSAoZGkPSl6Etsj2torOVrx6Uw0KpXxrec9Gg6jFWQ60Q3+LmNGfZSxHRCZL7vXVZIWmuV50Ig==
    integrity: https://registry.npmjs.org/@sveltejs/vite-plugin-svelte-inspector/-/vite-plugin-svelte-inspector-5.0.2.tgz
    dependencies:
      obug: ^2.1.0
  set-cookie-parser:
    version: 3.0.1
    resolved: sha512-n7Z7dXZhJbwuAHhNzkTti6Aw9QDDjZtm3JTpTGATIdNzdQz5GuFs22w90BcvF4INfnrL5xrX3oGsuqO5Dx3A1Q==
    integrity: https://registry.npmjs.org/set-cookie-parser/-/set-cookie-parser-3.0.1.tgz
  autoprefixer:
    version: 10.4.23
    resolved: sha512-YYTXSFulfwytnjAPlw8QHncHJmlvFKtczb8InXaAx9Q0LbfDnfEYDE55omerIJKihhmU61Ft+cAOSzQVaBUmeA==
    integrity: https://registry.npmjs.org/autoprefixer/-/autoprefixer-10.4.23.tgz
    dependencies:
      caniuse-lite: ^1.0.30001760
      fraction.js: ^5.3.4
      picocolors: ^1.1.1
      postcss-value-parser: ^4.2.0
      browserslist: ^4.28.1
  obug:
    version: 2.1.1
    resolved: sha512-uTqF9MuPraAQ+IsnPf366RG4cP9RtUi7MLO1N3KEc+wb0a6yKpeL0lmk2IB1jY5KHPAlTc6T/JRdC/YqxHNwkQ==
    integrity: https://registry.npmjs.org/obug/-/obug-2.1.1.tgz
  browserslist:
    version: 4.28.1
    resolved: sha512-ZC5Bd0LgJXgwGqUknZY/vkUQ04r8NXnJZ3yYi4vDmSiZmC/pdSN0NbNRPxZpbtO4uAfDUAFffO8IZoM3Gj8IkA==
    integrity: https://registry.npmjs.org/browserslist/-/browserslist-4.28.1.tgz
    dependencies:
      update-browserslist-db: ^1.2.0
      baseline-browser-mapping: ^2.9.0
      caniuse-lite: ^1.0.30001759
      electron-to-chromium: ^1.5.263
      node-releases: ^2.0.27
  svelte:
    version: 5.46.3
    resolved: sha512-Y5juST3x+/ySty5tYJCVWa6Corkxpt25bUZQHqOceg9xfMUtDsFx6rCsG6cYf1cA6vzDi66HIvaki0byZZX95A==
    integrity: https://registry.npmjs.org/svelte/-/svelte-5.46.3.tgz
    dependencies:
      aria-query: ^5.3.1
      @jridgewell/remapping: ^2.3.4
      @types/estree: ^1.0.5
      clsx: ^2.1.1
      zimmerframe: ^1.1.2
      locate-character: ^3.0.0
      magic-string: ^0.30.11
      esm-env: ^1.2.1
      esrap: ^2.2.1
      @sveltejs/acorn-typescript: ^1.0.5
      acorn: ^8.12.1
      @jridgewell/sourcemap-codec: ^1.5.0
      axobject-query: ^4.1.0
      devalue: ^5.5.0
      is-reference: ^3.0.3
  postcss-value-parser:
    version: 4.2.0
    resolved: sha512-1NNCs6uurfkVbeXG4S8JFT9t19m45ICnif8zWLd5oPSZ50QnwMfK+H3jv408d4jw/7Bttv5axS5IiHoLaVNHeQ==
    integrity: https://registry.npmjs.org/postcss-value-parser/-/postcss-value-parser-4.2.0.tgz
  update-browserslist-db:
    version: 1.2.3
    resolved: sha512-Js0m9cx+qOgDxo0eMiFGEueWztz+d4+M3rGlmKPT+T4IS/jP4ylw3Nwpu6cpTTP8R1MAC1kF4VbdLt3ARf209w==
    integrity: https://registry.npmjs.org/update-browserslist-db/-/update-browserslist-db-1.2.3.tgz
    dependencies:
      picocolors: ^1.1.1
      escalade: ^3.2.0
  @types/estree:
    version: 1.0.8
    resolved: sha512-dWHzHa2WqEXI/O1E9OjrocMTKJl2mSrEolh1Iomrv6U+JuNwaHXsXx9bLu5gG7BUWFIN0skIQJQ/L1rIex4X6w==
    integrity: https://registry.npmjs.org/@types/estree/-/estree-1.0.8.tgz
  @biomejs/biome:
    version: 2.3.11
    resolved: sha512-/zt+6qazBWguPG6+eWmiELqO+9jRsMZ/DBU3lfuU2ngtIQYzymocHhKiZRyrbra4aCOoyTg/BmY+6WH5mv9xmQ==
    integrity: https://registry.npmjs.org/@biomejs/biome/-/biome-2.3.11.tgz
  svelte-dnd-action:
    version: 0.9.69
    resolved: sha512-NAmSOH7htJoYraTQvr+q5whlIuVoq88vEuHr4NcFgscDRUxfWPPxgie2OoxepBCQCikrXZV4pqV86aun60wVyw==
    integrity: https://registry.npmjs.org/svelte-dnd-action/-/svelte-dnd-action-0.9.69.tgz
  cookie:
    version: 1.1.1
    resolved: sha512-ei8Aos7ja0weRpFzJnEA9UHJ/7XQmqglbRwnf2ATjcB9Wq874VKH9kfjjirM6UhU2/E5fFYadylyhFldcqSidQ==
    integrity: https://registry.npmjs.org/cookie/-/cookie-1.1.1.tgz
  locate-character:
    version: 3.0.0
    resolved: sha512-SW13ws7BjaeJ6p7Q6CO2nchbYEc3X3J6WrmTTDto7yMPqVSZTUyY5Tjbid+Ab8gLnATtygYtiDIJGQRRn2ZOiA==
    integrity: https://registry.npmjs.org/locate-character/-/locate-character-3.0.0.tgz
  regexparam:
    version: 3.0.0
    resolved: sha512-RSYAtP31mvYLkAHrOlh25pCNQ5hWnT106VukGaaFfuJrZFkGRX5GhUAdPqpSDXxOhA2c4akmRuplv1mRqnBn6Q==
    integrity: https://registry.npmjs.org/regexparam/-/regexparam-3.0.0.tgz
  esm-env:
    version: 1.2.2
    resolved: sha512-Epxrv+Nr/CaL4ZcFGPJIYLWFom+YeV1DqMLHJoEd9SYRxNbaFruBwfEX/kkHUJf55j2+TUbmDcmuilbP1TmXHA==
    integrity: https://registry.npmjs.org/esm-env/-/esm-env-1.2.2.tgz
  esrap:
    version: 2.2.1
    resolved: sha512-GiYWG34AN/4CUyaWAgunGt0Rxvr1PTMlGC0vvEov/uOQYWne2bpN03Um+k8jT+q3op33mKouP2zeJ6OlM+qeUg==
    integrity: https://registry.npmjs.org/esrap/-/esrap-2.2.1.tgz
    dependencies:
      @jridgewell/sourcemap-codec: ^1.4.15
  @jridgewell/sourcemap-codec:
    version: 1.5.5
    resolved: sha512-cYQ9310grqxueWbl+WuIUIaiUaDcj7WOq5fVhEljNVgRfOUhY9fy2zTvfoqWsnebh8Sl70VScFbICvJnLKB0Og==
    integrity: https://registry.npmjs.org/@jridgewell/sourcemap-codec/-/sourcemap-codec-1.5.5.tgz
  readdirp:
    version: 5.0.0
    resolved: sha512-9u/XQ1pvrQtYyMpZe7DXKv2p5CNvyVwzUB6uhLAnQwHMSgKMBR62lc7AHljaeteeHXn11XTAaLLUVZYVZyuRBQ==
    integrity: https://registry.npmjs.org/readdirp/-/readdirp-5.0.0.tgz
  picomatch:
    version: 4.0.3
    resolved: sha512-5gTmgEY/sqK6gFXLIsQNH19lWb4ebPDLA4SdLP7dsWkIXHWlG66oPuVvXSGFPppYZz8ZDZq0dYYrbHfBCVUb1Q==
    integrity: https://registry.npmjs.org/picomatch/-/picomatch-4.0.3.tgz
